
Microsoft Visual Studio Solution File, Format Version 12.00
# Visual Studio Version 17
VisualStudioVersion = 17.1.32228.430
MinimumVisualStudioVersion = 10.0.40219.1
Project("{FAE04EC0-301F-11D3-BF4B-00C04F79EFBC}") = "WebApplication1", "WebApplication1\WebApplication1.csproj", "{DA00F3C9-B94A-46A8-B701-E0492203F607}"
EndProject
Project("{FAE04EC0-301F-11D3-BF4B-00C04F79EFBC}") = "TestProject1", "TestProject1\TestProject1.csproj", "{401694B0-EC22-4342-B796-3DAD5A7A8D21}"
EndProject
Project("{FAE04EC0-301F-11D3-BF4B-00C04F79EFBC}") = "App1.Android", "App1\App1.Android\App1.Android.csproj", "{4DC5833C-D0B3-4180-A672-8D471FC60DB8}"
EndProject
Project("{FAE04EC0-301F-11D3-BF4B-00C04F79EFBC}") = "App1", "App1\App1\App1.csproj", "{6D417637-FE7E-4AFA-88FA-5A928A48DFBD}"
EndProject
Global
	GlobalSection(SolutionConfigurationPlatforms) = preSolution
		Debug|Any CPU = Debug|Any CPU
		Release|Any CPU = Release|Any CPU
	EndGlobalSection
	GlobalSection(ProjectConfigurationPlatforms) = postSolution
		{DA00F3C9-B94A-46A8-B701-E0492203F607}.Debug|Any CPU.ActiveCfg = Debug|Any CPU
		{DA00F3C9-B94A-46A8-B701-E0492203F607}.Debug|Any CPU.Build.0 = Debug|Any CPU
		{DA00F3C9-B94A-46A8-B701-E0492203F607}.Release|Any CPU.ActiveCfg = Release|Any CPU
		{DA00F3C9-B94A-46A8-B701-E0492203F607}.Release|Any CPU.Build.0 = Release|Any CPU
		{401694B0-EC22-4342-B796-3DAD5A7A8D21}.Debug|Any CPU.ActiveCfg = Debug|Any CPU
		{401694B0-EC22-4342-B796-3DAD5A7A8D21}.Debug|Any CPU.Build.0 = Debug|Any CPU
		{401694B0-EC22-4342-B796-3DAD5A7A8D21}.Release|Any CPU.ActiveCfg = Release|Any CPU
		{401694B0-EC22-4342-B796-3DAD5A7A8D21}.Release|Any CPU.Build.0 = Release|Any CPU
		{4DC5833C-D0B3-4180-A672-8D471FC60DB8}.Debug|Any CPU.ActiveCfg = Debug|Any CPU
		{4DC5833C-D0B3-4180-A672-8D471FC60DB8}.Debug|Any CPU.Build.0 = Debug|Any CPU
		{4DC5833C-D0B3-4180-A672-8D471FC60DB8}.Debug|Any CPU.Deploy.0 = Debug|Any CPU
		{4DC5833C-D0B3-4180-A672-8D471FC60DB8}.Release|Any CPU.ActiveCfg = Release|Any CPU
		{4DC5833C-D0B3-4180-A672-8D471FC60DB8}.Release|Any CPU.Build.0 = Release|Any CPU
		{4DC5833C-D0B3-4180-A672-8D471FC60DB8}.Release|Any CPU.Deploy.0 = Release|Any CPU
		{6D417637-FE7E-4AFA-88FA-5A928A48DFBD}.Debug|Any CPU.ActiveCfg = Debug|Any CPU
		{6D417637-FE7E-4AFA-88FA-5A928A48DFBD}.Debug|Any CPU.Build.0 = Debug|Any CPU
		{6D417637-FE7E-4AFA-88FA-5A928A48DFBD}.Release|Any CPU.ActiveCfg = Release|Any CPU
		{6D417637-FE7E-4AFA-88FA-5A928A48DFBD}.Release|Any CPU.Build.0 = Release|Any CPU
	EndGlobalSection
	GlobalSection(SolutionProperties) = preSolution
		HideSolutionNode = FALSE
	EndGlobalSection
	GlobalSection(ExtensibilityGlobals) = postSolution
		SolutionGuid = {413B90EC-2A65-4136-AE51-34B490675E5B}
	EndGlobalSection
EndGlobal
